
Microsoft Visual Studio Solution File, Format Version 12.00
# Visual Studio Version 17
VisualStudioVersion = 17.1.32421.90
MinimumVisualStudioVersion = 10.0.40219.1
Project("{FAE04EC0-301F-11D3-BF4B-00C04F79EFBC}") = "Day51Demo", "Day51Demo\Day51Demo.csproj", "{90CABC5F-3295-4BEA-B594-9DD6911C1E24}"
EndProject
Project("{FAE04EC0-301F-11D3-BF4B-00C04F79EFBC}") = "Day51Demo.Services", "Day51Demo.Services\Day51Demo.Services.csproj", "{62AB9AAD-1C90-4F4C-9B2C-F93163DCB4EA}"
EndProject
Global
	GlobalSection(SolutionConfigurationPlatforms) = preSolution
		Debug|Any CPU = Debug|Any CPU
		Release|Any CPU = Release|Any CPU
	EndGlobalSection
	GlobalSection(ProjectConfigurationPlatforms) = postSolution
		{90CABC5F-3295-4BEA-B594-9DD6911C1E24}.Debug|Any CPU.ActiveCfg = Debug|Any CPU
		{90CABC5F-3295-4BEA-B594-9DD6911C1E24}.Debug|Any CPU.Build.0 = Debug|Any CPU
		{90CABC5F-3295-4BEA-B594-9DD6911C1E24}.Release|Any CPU.ActiveCfg = Release|Any CPU
		{90CABC5F-3295-4BEA-B594-9DD6911C1E24}.Release|Any CPU.Build.0 = Release|Any CPU
		{62AB9AAD-1C90-4F4C-9B2C-F93163DCB4EA}.Debug|Any CPU.ActiveCfg = Debug|Any CPU
		{62AB9AAD-1C90-4F4C-9B2C-F93163DCB4EA}.Debug|Any CPU.Build.0 = Debug|Any CPU
		{62AB9AAD-1C90-4F4C-9B2C-F93163DCB4EA}.Release|Any CPU.ActiveCfg = Release|Any CPU
		{62AB9AAD-1C90-4F4C-9B2C-F93163DCB4EA}.Release|Any CPU.Build.0 = Release|Any CPU
	EndGlobalSection
	GlobalSection(SolutionProperties) = preSolution
		HideSolutionNode = FALSE
	EndGlobalSection
	GlobalSection(ExtensibilityGlobals) = postSolution
		SolutionGuid = {A2A2E2EA-83DB-4948-9164-AC9377229343}
	EndGlobalSection
EndGlobal
